
Microsoft Visual Studio Solution File, Format Version 12.00
Project("{FAE04EC0-301F-11D3-BF4B-00C04F79EFBC}") = "FestivalTicketSale", "FestivalTicketSale.csproj", "{3F1F29D6-E2DF-4F59-AC7B-410DF652BEC4}"
EndProject
Global
	GlobalSection(SolutionConfigurationPlatforms) = preSolution
		Debug|Any CPU = Debug|Any CPU
		Release|Any CPU = Release|Any CPU
	EndGlobalSection
	GlobalSection(ProjectConfigurationPlatforms) = postSolution
		{3F1F29D6-E2DF-4F59-AC7B-410DF652BEC4}.Debug|Any CPU.ActiveCfg = Debug|Any CPU
		{3F1F29D6-E2DF-4F59-AC7B-410DF652BEC4}.Debug|Any CPU.Build.0 = Debug|Any CPU
		{3F1F29D6-E2DF-4F59-AC7B-410DF652BEC4}.Release|Any CPU.ActiveCfg = Release|Any CPU
		{3F1F29D6-E2DF-4F59-AC7B-410DF652BEC4}.Release|Any CPU.Build.0 = Release|Any CPU
	EndGlobalSection
EndGlobal
